Microsoft Visual Studio Solution File, Format Version 12.00
# Visual Studio Version 17
VisualStudioVersion = 17.5.2.0
MinimumVisualStudioVersion = 10.0.40219.1
Project("{FAE04EC0-301F-11D3-BF4B-00C04F79EFBC}") = "YoutubeDownloader", "youtube-downloader\YoutubeDownloader.csproj", "{C9D7785C-C33F-8E87-9A2A-AC57924C183E}"
EndProject
Global
	GlobalSection(SolutionConfigurationPlatforms) = preSolution
		Debug|Any CPU = Debug|Any CPU
		Release|Any CPU = Release|Any CPU
	EndGlobalSection
	GlobalSection(ProjectConfigurationPlatforms) = postSolution
		{C9D7785C-C33F-8E87-9A2A-AC57924C183E}.Debug|Any CPU.ActiveCfg = Debug|Any CPU
		{C9D7785C-C33F-8E87-9A2A-AC57924C183E}.Debug|Any CPU.Build.0 = Debug|Any CPU
		{C9D7785C-C33F-8E87-9A2A-AC57924C183E}.Release|Any CPU.ActiveCfg = Release|Any CPU
		{C9D7785C-C33F-8E87-9A2A-AC57924C183E}.Release|Any CPU.Build.0 = Release|Any CPU
	EndGlobalSection
	GlobalSection(SolutionProperties) = preSolution
		HideSolutionNode = FALSE
	EndGlobalSection
	GlobalSection(ExtensibilityGlobals) = postSolution
		SolutionGuid = {B244C1CF-5230-4E02-AB4D-5DFC3897A39B}
	EndGlobalSection
EndGlobal
